PODS:
  - MagicalRecord (2.3.2):
    - MagicalRecord/Core (= 2.3.2)
  - MagicalRecord/Core (2.3.2)
  - SwiftLint (0.29.1)

DEPENDENCIES:
  - MagicalRecord
  - SwiftLint

SPEC REPOS:
  https://github.com/cocoapods/specs.git:
    - MagicalRecord
    - SwiftLint

SPEC CHECKSUMS:
  MagicalRecord: 53bed74b4323b930992a725be713e53b37d19755
  SwiftLint: 6772320e40b52049053a518c17db9b0634a0b45a

PODFILE CHECKSUM: f066ee7e26bef33156cbc63fd1d63be61cf5cf45

COCOAPODS: 1.5.3
